
Microsoft Visual Studio Solution File, Format Version 12.00
# Visual Studio Version 17
VisualStudioVersion = 17.4.33205.214
MinimumVisualStudioVersion = 10.0.40219.1
Project("{FAE04EC0-301F-11D3-BF4B-00C04F79EFBC}") = "B3_ModelExample", "B3_ModelExample.csproj", "{D04FA7EC-5779-4F5F-8344-79F3D0D10985}"
EndProject
Global
	GlobalSection(SolutionConfigurationPlatforms) = preSolution
		Debug|Any CPU = Debug|Any CPU
		Release|Any CPU = Release|Any CPU
	EndGlobalSection
	GlobalSection(ProjectConfigurationPlatforms) = postSolution
		{D04FA7EC-5779-4F5F-8344-79F3D0D10985}.Debug|Any CPU.ActiveCfg = Debug|Any CPU
		{D04FA7EC-5779-4F5F-8344-79F3D0D10985}.Debug|Any CPU.Build.0 = Debug|Any CPU
		{D04FA7EC-5779-4F5F-8344-79F3D0D10985}.Release|Any CPU.ActiveCfg = Release|Any CPU
		{D04FA7EC-5779-4F5F-8344-79F3D0D10985}.Release|Any CPU.Build.0 = Release|Any CPU
	EndGlobalSection
	GlobalSection(SolutionProperties) = preSolution
		HideSolutionNode = FALSE
	EndGlobalSection
	GlobalSection(ExtensibilityGlobals) = postSolution
		SolutionGuid = {2F606601-3A81-4829-8DA7-3955D9074976}
	EndGlobalSection
EndGlobal
