
Microsoft Visual Studio Solution File, Format Version 12.00
# Visual Studio Version 17
VisualStudioVersion = 17.7.34024.191
MinimumVisualStudioVersion = 10.0.40219.1
Project("{FAE04EC0-301F-11D3-BF4B-00C04F79EFBC}") = "B10_HTMLHelpers", "B10_HTMLHelpers.csproj", "{FD646B41-B893-4A2C-A7A3-2E0957FECC67}"
EndProject
Global
	GlobalSection(SolutionConfigurationPlatforms) = preSolution
		Debug|Any CPU = Debug|Any CPU
		Release|Any CPU = Release|Any CPU
	EndGlobalSection
	GlobalSection(ProjectConfigurationPlatforms) = postSolution
		{FD646B41-B893-4A2C-A7A3-2E0957FECC67}.Debug|Any CPU.ActiveCfg = Debug|Any CPU
		{FD646B41-B893-4A2C-A7A3-2E0957FECC67}.Debug|Any CPU.Build.0 = Debug|Any CPU
		{FD646B41-B893-4A2C-A7A3-2E0957FECC67}.Release|Any CPU.ActiveCfg = Release|Any CPU
		{FD646B41-B893-4A2C-A7A3-2E0957FECC67}.Release|Any CPU.Build.0 = Release|Any CPU
	EndGlobalSection
	GlobalSection(SolutionProperties) = preSolution
		HideSolutionNode = FALSE
	EndGlobalSection
	GlobalSection(ExtensibilityGlobals) = postSolution
		SolutionGuid = {BC763A20-F936-4772-B39E-0568655E04BC}
	EndGlobalSection
EndGlobal
